// !$*UTF8*$!
{
	archiveVersion = 1;
	classes = {
	};
	objectVersion = 77;
	objects = {

/* Begin PBXContainerItemProxy section */
		CB2085B72E52FAAE00ED3891 /* PBXContainerItemProxy */ = {
			isa = PBXContainerItemProxy;
			containerPortal = CB2085A12E52FAAD00ED3891 /* Project object */;
			proxyType = 1;
			remoteGlobalIDString = CB2085A82E52FAAD00ED3891;
			remoteInfo = "05-SwiftUI";
		};
		CB2085C12E52FAAE00ED3891 /* PBXContainerItemProxy */ = {
			isa = PBXContainerItemProxy;
			containerPortal = CB2085A12E52FAAD00ED3891 /* Project object */;
			proxyType = 1;
			remoteGlobalIDString = CB2085A82E52FAAD00ED3891;
			remoteInfo = "05-SwiftUI";
		};
/* End PBXContainerItemProxy section */

/* Begin PBXFileReference section */
		CB2085A92E52FAAD00ED3891 /* 05-SwiftUI.app */ = {isa = PBXFileReference; explicitFileType = wrapper.application; includeInIndex = 0; path = "05-SwiftUI.app"; sourceTree = BUILT_PRODUCTS_DIR; };
		CB2085B62E52FAAE00ED3891 /* 05-SwiftUITests.xctest */ = {isa = PBXFileReference; explicitFileType = wrapper.cfbundle; includeInIndex = 0; path = "05-SwiftUITests.xctest"; sourceTree = BUILT_PRODUCTS_DIR; };
		CB2085C02E52FAAE00ED3891 /* 05-SwiftUIUITests.xctest */ = {isa = PBXFileReference; explicitFileType = wrapper.cfbundle; includeInIndex = 0; path = "05-SwiftUIUITests.xctest"; sourceTree = BUILT_PRODUCTS_DIR; };
/* End PBXFileReference section */

/* Begin PBXFileSystemSynchronizedRootGroup section */
		CB2085AB2E52FAAD00ED3891 /* 05-SwiftUI */ = {
			isa = PBXFileSystemSynchronizedRootGroup;
			path = "05-SwiftUI";
			sourceTree = "<group>";
		};
		CB2085B92E52FAAE00ED3891 /* 05-SwiftUITests */ = {
			isa = PBXFileSystemSynchronizedRootGroup;
			path = "05-SwiftUITests";
			sourceTree = "<group>";
		};
		CB2085C32E52FAAE00ED3891 /* 05-SwiftUIUITests */ = {
			isa = PBXFileSystemSynchronizedRootGroup;
			path = "05-SwiftUIUITests";
			sourceTree = "<group>";
		};
/* End PBXFileSystemSynchronizedRootGroup section */

/* Begin PBXFrameworksBuildPhase section */
		CB2085A62E52FAAD00ED3891 /* Frameworks */ = {
			isa = PBXFrameworksBuildPhase;
			buildActionMask = 2147483647;
			files = (
			);
			runOnlyForDeploymentPostprocessing = 0;
		};
		CB2085B32E52FAAE00ED3891 /* Frameworks */ = {
			isa = PBXFrameworksBuildPhase;
			buildActionMask = 2147483647;
			files = (
			);
			runOnlyForDeploymentPostprocessing = 0;
		};
		CB2085BD2E52FAAE00ED3891 /* Frameworks */ = {
			isa = PBXFrameworksBuildPhase;
			buildActionMask = 2147483647;
			files = (
			);
			runOnlyForDeploymentPostprocessing = 0;
		};
/* End PBXFrameworksBuildPhase section */

/* Begin PBXGroup section */
		CB2085A02E52FAAD00ED3891 = {
			isa = PBXGroup;
			children = (
				CB2085AB2E52FAAD00ED3891 /* 05-SwiftUI */,
				CB2085B92E52FAAE00ED3891 /* 05-SwiftUITests */,
				CB2085C32E52FAAE00ED3891 /* 05-SwiftUIUITests */,
				CB2085AA2E52FAAD00ED3891 /* Products */,
			);
			sourceTree = "<group>";
		};
		CB2085AA2E52FAAD00ED3891 /* Products */ = {
			isa = PBXGroup;
			children = (
				CB2085A92E52FAAD00ED3891 /* 05-SwiftUI.app */,
				CB2085B62E52FAAE00ED3891 /* 05-SwiftUITests.xctest */,
				CB2085C02E52FAAE00ED3891 /* 05-SwiftUIUITests.xctest */,
			);
			name = Products;
			sourceTree = "<group>";
		};
/* End PBXGroup section */

/* Begin PBXNativeTarget section */
		CB2085A82E52FAAD00ED3891 /* 05-SwiftUI */ = {
			isa = PBXNativeTarget;
			buildConfigurationList = CB2085CA2E52FAAE00ED3891 /* Build configuration list for PBXNativeTarget "05-SwiftUI" */;
			buildPhases = (
				CB2085A52E52FAAD00ED3891 /* Sources */,
				CB2085A62E52FAAD00ED3891 /* Frameworks */,
				CB2085A72E52FAAD00ED3891 /* Resources */,
			);
			buildRules = (
			);
			dependencies = (
			);
			fileSystemSynchronizedGroups = (
				CB2085AB2E52FAAD00ED3891 /* 05-SwiftUI */,
			);
			name = "05-SwiftUI";
			packageProductDependencies = (
			);
			productName = "05-SwiftUI";
			productReference = CB2085A92E52FAAD00ED3891 /* 05-SwiftUI.app */;
			productType = "com.apple.product-type.application";
		};
		CB2085B52E52FAAE00ED3891 /* 05-SwiftUITests */ = {
			isa = PBXNativeTarget;
			buildConfigurationList = CB2085CD2E52FAAE00ED3891 /* Build configuration list for PBXNativeTarget "05-SwiftUITests" */;
			buildPhases = (
				CB2085B22E52FAAE00ED3891 /* Sources */,
				CB2085B32E52FAAE00ED3891 /* Frameworks */,
				CB2085B42E52FAAE00ED3891 /* Resources */,
			);
			buildRules = (
			);
			dependencies = (
				CB2085B82E52FAAE00ED3891 /* PBXTargetDependency */,
			);
			fileSystemSynchronizedGroups = (
				CB2085B92E52FAAE00ED3891 /* 05-SwiftUITests */,
			);
			name = "05-SwiftUITests";
			packageProductDependencies = (
			);
			productName = "05-SwiftUITests";
			productReference = CB2085B62E52FAAE00ED3891 /* 05-SwiftUITests.xctest */;
			productType = "com.apple.product-type.bundle.unit-test";
		};
		CB2085BF2E52FAAE00ED3891 /* 05-SwiftUIUITests */ = {
			isa = PBXNativeTarget;
			buildConfigurationList = CB2085D02E52FAAE00ED3891 /* Build configuration list for PBXNativeTarget "05-SwiftUIUITests" */;
			buildPhases = (
				CB2085BC2E52FAAE00ED3891 /* Sources */,
				CB2085BD2E52FAAE00ED3891 /* Frameworks */,
				CB2085BE2E52FAAE00ED3891 /* Resources */,
			);
			buildRules = (
			);
			dependencies = (
				CB2085C22E52FAAE00ED3891 /* PBXTargetDependency */,
			);
			fileSystemSynchronizedGroups = (
				CB2085C32E52FAAE00ED3891 /* 05-SwiftUIUITests */,
			);
			name = "05-SwiftUIUITests";
			packageProductDependencies = (
			);
			productName = "05-SwiftUIUITests";
			productReference = CB2085C02E52FAAE00ED3891 /* 05-SwiftUIUITests.xctest */;
			productType = "com.apple.product-type.bundle.ui-testing";
		};
/* End PBXNativeTarget section */

/* Begin PBXProject section */
		CB2085A12E52FAAD00ED3891 /* Project object */ = {
			isa = PBXProject;
			attributes = {
				BuildIndependentTargetsInParallel = 1;
				LastSwiftUpdateCheck = 1640;
				LastUpgradeCheck = 1640;
				TargetAttributes = {
					CB2085A82E52FAAD00ED3891 = {
						CreatedOnToolsVersion = 16.4;
					};
					CB2085B52E52FAAE00ED3891 = {
						CreatedOnToolsVersion = 16.4;
						TestTargetID = CB2085A82E52FAAD00ED3891;
					};
					CB2085BF2E52FAAE00ED3891 = {
						CreatedOnToolsVersion = 16.4;
						TestTargetID = CB2085A82E52FAAD00ED3891;
					};
				};
			};
			buildConfigurationList = CB2085A42E52FAAD00ED3891 /* Build configuration list for PBXProject "05-SwiftUI" */;
			developmentRegion = en;
			hasScannedForEncodings = 0;
			knownRegions = (
				en,
				Base,
			);
			mainGroup = CB2085A02E52FAAD00ED3891;
			minimizedProjectReferenceProxies = 1;
			preferredProjectObjectVersion = 77;
			productRefGroup = CB2085AA2E52FAAD00ED3891 /* Products */;
			projectDirPath = "";
			projectRoot = "";
			targets = (
				CB2085A82E52FAAD00ED3891 /* 05-SwiftUI */,
				CB2085B52E52FAAE00ED3891 /* 05-SwiftUITests */,
				CB2085BF2E52FAAE00ED3891 /* 05-SwiftUIUITests */,
			);
		};
/* End PBXProject section */

/* Begin PBXResourcesBuildPhase section */
		CB2085A72E52FAAD00ED3891 /* Resources */ = {
			isa = PBXResourcesBuildPhase;
			buildActionMask = 2147483647;
			files = (
			);
			runOnlyForDeploymentPostprocessing = 0;
		};
		CB2085B42E52FAAE00ED3891 /* Resources */ = {
			isa = PBXResourcesBuildPhase;
			buildActionMask = 2147483647;
			files = (
			);
			runOnlyForDeploymentPostprocessing = 0;
		};
		CB2085BE2E52FAAE00ED3891 /* Resources */ = {
			isa = PBXResourcesBuildPhase;
			buildActionMask = 2147483647;
			files = (
			);
			runOnlyForDeploymentPostprocessing = 0;
		};
/* End PBXResourcesBuildPhase section */

/* Begin PBXSourcesBuildPhase section */
		CB2085A52E52FAAD00ED3891 /* Sources */ = {
			isa = PBXSourcesBuildPhase;
			buildActionMask = 2147483647;
			files = (
			);
			runOnlyForDeploymentPostprocessing = 0;
		};
		CB2085B22E52FAAE00ED3891 /* Sources */ = {
			isa = PBXSourcesBuildPhase;
			buildActionMask = 2147483647;
			files = (
			);
			runOnlyForDeploymentPostprocessing = 0;
		};
		CB2085BC2E52FAAE00ED3891 /* Sources */ = {
			isa = PBXSourcesBuildPhase;
			buildActionMask = 2147483647;
			files = (
			);
			runOnlyForDeploymentPostprocessing = 0;
		};
/* End PBXSourcesBuildPhase section */

/* Begin PBXTargetDependency section */
		CB2085B82E52FAAE00ED3891 /* PBXTargetDependency */ = {
			isa = PBXTargetDependency;
			target = CB2085A82E52FAAD00ED3891 /* 05-SwiftUI */;
			targetProxy = CB2085B72E52FAAE00ED3891 /* PBXContainerItemProxy */;
		};
		CB2085C22E52FAAE00ED3891 /* PBXTargetDependency */ = {
			isa = PBXTargetDependency;
			target = CB2085A82E52FAAD00ED3891 /* 05-SwiftUI */;
			targetProxy = CB2085C12E52FAAE00ED3891 /* PBXContainerItemProxy */;
		};
/* End PBXTargetDependency section */

/* Begin XCBuildConfiguration section */
		CB2085C82E52FAAE00ED3891 /* Debug */ = {
			isa = XCBuildConfiguration;
			buildSettings = {
				ALWAYS_SEARCH_USER_PATHS = NO;
				ASSETCATALOG_COMPILER_GENERATE_SWIFT_ASSET_SYMBOL_EXTENSIONS = YES;
				CLANG_ANALYZER_NONNULL = YES;
				CLANG_ANALYZER_NUMBER_OBJECT_CONVERSION = YES_AGGRESSIVE;
				CLANG_CXX_LANGUAGE_STANDARD = "gnu++20";
				CLANG_ENABLE_MODULES = YES;
				CLANG_ENABLE_OBJC_ARC = YES;
				CLANG_ENABLE_OBJC_WEAK = YES;
				CLANG_WARN_BLOCK_CAPTURE_AUTORELEASING = YES;
				CLANG_WARN_BOOL_CONVERSION = YES;
				CLANG_WARN_COMMA = YES;
				CLANG_WARN_CONSTANT_CONVERSION = YES;
				CLANG_WARN_DEPRECATED_OBJC_IMPLEMENTATIONS = YES;
				CLANG_WARN_DIRECT_OBJC_ISA_USAGE = YES_ERROR;
				CLANG_WARN_DOCUMENTATION_COMMENTS = YES;
				CLANG_WARN_EMPTY_BODY = YES;
				CLANG_WARN_ENUM_CONVERSION = YES;
				CLANG_WARN_INFINITE_RECURSION = YES;
				CLANG_WARN_INT_CONVERSION = YES;
				CLANG_WARN_NON_LITERAL_NULL_CONVERSION = YES;
				CLANG_WARN_OBJC_IMPLICIT_RETAIN_SELF = YES;
				CLANG_WARN_OBJC_LITERAL_CONVERSION = YES;
				CLANG_WARN_OBJC_ROOT_CLASS = YES_ERROR;
				CLANG_WARN_QUOTED_INCLUDE_IN_FRAMEWORK_HEADER = YES;
				CLANG_WARN_RANGE_LOOP_ANALYSIS = YES;
				CLANG_WARN_STRICT_PROTOTYPES = YES;
				CLANG_WARN_SUSPICIOUS_MOVE = YES;
				CLANG_WARN_UNGUARDED_AVAILABILITY = YES_AGGRESSIVE;
				CLANG_WARN_UNREACHABLE_CODE = YES;
				CLANG_WARN__DUPLICATE_METHOD_MATCH = YES;
				COPY_PHASE_STRIP = NO;
				DEBUG_INFORMATION_FORMAT = dwarf;
				DEVELOPMENT_TEAM = 9SPVZAWDBR;
				ENABLE_STRICT_OBJC_MSGSEND = YES;
				ENABLE_TESTABILITY = YES;
				ENABLE_USER_SCRIPT_SANDBOXING = YES;
				GCC_C_LANGUAGE_STANDARD = gnu17;
				GCC_DYNAMIC_NO_PIC = NO;
				GCC_NO_COMMON_BLOCKS = YES;
				GCC_OPTIMIZATION_LEVEL = 0;
				GCC_PREPROCESSOR_DEFINITIONS = (
					"DEBUG=1",
					"$(inherited)",
				);
				GCC_WARN_64_TO_32_BIT_CONVERSION = YES;
				GCC_WARN_ABOUT_RETURN_TYPE = YES_ERROR;
				GCC_WARN_UNDECLARED_SELECTOR = YES;
				GCC_WARN_UNINITIALIZED_AUTOS = YES_AGGRESSIVE;
				GCC_WARN_UNUSED_FUNCTION = YES;
				GCC_WARN_UNUSED_VARIABLE = YES;
				IPHONEOS_DEPLOYMENT_TARGET = 18.5;
				LOCALIZATION_PREFERS_STRING_CATALOGS = YES;
				MTL_ENABLE_DEBUG_INFO = INCLUDE_SOURCE;
				MTL_FAST_MATH = YES;
				ONLY_ACTIVE_ARCH = YES;
				SDKROOT = iphoneos;
				SWIFT_ACTIVE_COMPILATION_CONDITIONS = "DEBUG $(inherited)";
				SWIFT_OPTIMIZATION_LEVEL = "-Onone";
			};
			name = Debug;
		};
		CB2085C92E52FAAE00ED3891 /* Release */ = {
			isa = XCBuildConfiguration;
			buildSettings = {
				ALWAYS_SEARCH_USER_PATHS = NO;
				ASSETCATALOG_COMPILER_GENERATE_SWIFT_ASSET_SYMBOL_EXTENSIONS = YES;
				CLANG_ANALYZER_NONNULL = YES;
				CLANG_ANALYZER_NUMBER_OBJECT_CONVERSION = YES_AGGRESSIVE;
				CLANG_CXX_LANGUAGE_STANDARD = "gnu++20";
				CLANG_ENABLE_MODULES = YES;
				CLANG_ENABLE_OBJC_ARC = YES;
				CLANG_ENABLE_OBJC_WEAK = YES;
				CLANG_WARN_BLOCK_CAPTURE_AUTORELEASING = YES;
				CLANG_WARN_BOOL_CONVERSION = YES;
				CLANG_WARN_COMMA = YES;
				CLANG_WARN_CONSTANT_CONVERSION = YES;
				CLANG_WARN_DEPRECATED_OBJC_IMPLEMENTATIONS = YES;
				CLANG_WARN_DIRECT_OBJC_ISA_USAGE = YES_ERROR;
				CLANG_WARN_DOCUMENTATION_COMMENTS = YES;
				CLANG_WARN_EMPTY_BODY = YES;
				CLANG_WARN_ENUM_CONVERSION = YES;
				CLANG_WARN_INFINITE_RECURSION = YES;
				CLANG_WARN_INT_CONVERSION = YES;
				CLANG_WARN_NON_LITERAL_NULL_CONVERSION = YES;
				CLANG_WARN_OBJC_IMPLICIT_RETAIN_SELF = YES;
				CLANG_WARN_OBJC_LITERAL_CONVERSION = YES;
				CLANG_WARN_OBJC_ROOT_CLASS = YES_ERROR;
				CLANG_WARN_QUOTED_INCLUDE_IN_FRAMEWORK_HEADER = YES;
				CLANG_WARN_RANGE_LOOP_ANALYSIS = YES;
				CLANG_WARN_STRICT_PROTOTYPES = YES;
				CLANG_WARN_SUSPICIOUS_MOVE = YES;
				CLANG_WARN_UNGUARDED_AVAILABILITY = YES_AGGRESSIVE;
				CLANG_WARN_UNREACHABLE_CODE = YES;
				CLANG_WARN__DUPLICATE_METHOD_MATCH = YES;
				COPY_PHASE_STRIP = NO;
				DEBUG_INFORMATION_FORMAT = "dwarf-with-dsym";
				DEVELOPMENT_TEAM = 9SPVZAWDBR;
				ENABLE_NS_ASSERTIONS = NO;
				ENABLE_STRICT_OBJC_MSGSEND = YES;
				ENABLE_USER_SCRIPT_SANDBOXING = YES;
				GCC_C_LANGUAGE_STANDARD = gnu17;
				GCC_NO_COMMON_BLOCKS = YES;
				GCC_WARN_64_TO_32_BIT_CONVERSION = YES;
				GCC_WARN_ABOUT_RETURN_TYPE = YES_ERROR;
				GCC_WARN_UNDECLARED_SELECTOR = YES;
				GCC_WARN_UNINITIALIZED_AUTOS = YES_AGGRESSIVE;
				GCC_WARN_UNUSED_FUNCTION = YES;
				GCC_WARN_UNUSED_VARIABLE = YES;
				IPHONEOS_DEPLOYMENT_TARGET = 18.5;
				LOCALIZATION_PREFERS_STRING_CATALOGS = YES;
				MTL_ENABLE_DEBUG_INFO = NO;
				MTL_FAST_MATH = YES;
				SDKROOT = iphoneos;
				SWIFT_COMPILATION_MODE = wholemodule;
				VALIDATE_PRODUCT = YES;
			};
			name = Release;
		};
		CB2085CB2E52FAAE00ED3891 /* Debug */ = {
			isa = XCBuildConfiguration;
			buildSettings = {
				ASSETCATALOG_COMPILER_APPICON_NAME = AppIcon;
				ASSETCATALOG_COMPILER_GLOBAL_ACCENT_COLOR_NAME = AccentColor;
				CODE_SIGN_STYLE = Automatic;
				CURRENT_PROJECT_VERSION = 1;
				DEVELOPMENT_TEAM = 9SPVZAWDBR;
				ENABLE_PREVIEWS = YES;
				GENERATE_INFOPLIST_FILE = YES;
				INFOPLIST_KEY_UIApplicationSceneManifest_Generation = YES;
				INFOPLIST_KEY_UIApplicationSupportsIndirectInputEvents = YES;
				INFOPLIST_KEY_UILaunchScreen_Generation = YES;
				INFOPLIST_KEY_UISupportedInterfaceOrientations_iPad = "UIInterfaceOrientationPortrait UIInterfaceOrientationPortraitUpsideDown UIInterfaceOrientationLandscapeLeft UIInterfaceOrientationLandscapeRight";
				INFOPLIST_KEY_UISupportedInterfaceOrientations_iPhone = "UIInterfaceOrientationPortrait UIInterfaceOrientationLandscapeLeft UIInterfaceOrientationLandscapeRight";
				LD_RUNPATH_SEARCH_PATHS = (
					"$(inherited)",
					"@executable_path/Frameworks",
				);
				MARKETING_VERSION = 1.0;
				PRODUCT_BUNDLE_IDENTIFIER = "gwangyulee.-5-SwiftUI";
				PRODUCT_NAME = "$(TARGET_NAME)";
				SWIFT_EMIT_LOC_STRINGS = YES;
				SWIFT_VERSION = 5.0;
				TARGETED_DEVICE_FAMILY = "1,2";
			};
			name = Debug;
		};
		CB2085CC2E52FAAE00ED3891 /* Release */ = {
			isa = XCBuildConfiguration;
			buildSettings = {
				ASSETCATALOG_COMPILER_APPICON_NAME = AppIcon;
				ASSETCATALOG_COMPILER_GLOBAL_ACCENT_COLOR_NAME = AccentColor;
				CODE_SIGN_STYLE = Automatic;
				CURRENT_PROJECT_VERSION = 1;
				DEVELOPMENT_TEAM = 9SPVZAWDBR;
				ENABLE_PREVIEWS = YES;
				GENERATE_INFOPLIST_FILE = YES;
				INFOPLIST_KEY_UIApplicationSceneManifest_Generation = YES;
				INFOPLIST_KEY_UIApplicationSupportsIndirectInputEvents = YES;
				INFOPLIST_KEY_UILaunchScreen_Generation = YES;
				INFOPLIST_KEY_UISupportedInterfaceOrientations_iPad = "UIInterfaceOrientationPortrait UIInterfaceOrientationPortraitUpsideDown UIInterfaceOrientationLandscapeLeft UIInterfaceOrientationLandscapeRight";
				INFOPLIST_KEY_UISupportedInterfaceOrientations_iPhone = "UIInterfaceOrientationPortrait UIInterfaceOrientationLandscapeLeft UIInterfaceOrientationLandscapeRight";
				LD_RUNPATH_SEARCH_PATHS = (
					"$(inherited)",
					"@executable_path/Frameworks",
				);
				MARKETING_VERSION = 1.0;
				PRODUCT_BUNDLE_IDENTIFIER = "gwangyulee.-5-SwiftUI";
				PRODUCT_NAME = "$(TARGET_NAME)";
				SWIFT_EMIT_LOC_STRINGS = YES;
				SWIFT_VERSION = 5.0;
				TARGETED_DEVICE_FAMILY = "1,2";
			};
			name = Release;
		};
		CB2085CE2E52FAAE00ED3891 /* Debug */ = {
			isa = XCBuildConfiguration;
			buildSettings = {
				BUNDLE_LOADER = "$(TEST_HOST)";
				CODE_SIGN_STYLE = Automatic;
				CURRENT_PROJECT_VERSION = 1;
				DEVELOPMENT_TEAM = 9SPVZAWDBR;
				GENERATE_INFOPLIST_FILE = YES;
				IPHONEOS_DEPLOYMENT_TARGET = 18.5;
				MARKETING_VERSION = 1.0;
				PRODUCT_BUNDLE_IDENTIFIER = "gwangyulee.-5-SwiftUITests";
				PRODUCT_NAME = "$(TARGET_NAME)";
				SWIFT_EMIT_LOC_STRINGS = NO;
				SWIFT_VERSION = 5.0;
				TARGETED_DEVICE_FAMILY = "1,2";
				TEST_HOST = "$(BUILT_PRODUCTS_DIR)/05-SwiftUI.app/$(BUNDLE_EXECUTABLE_FOLDER_PATH)/05-SwiftUI";
			};
			name = Debug;
		};
		CB2085CF2E52FAAE00ED3891 /* Release */ = {
			isa = XCBuildConfiguration;
			buildSettings = {
				BUNDLE_LOADER = "$(TEST_HOST)";
				CODE_SIGN_STYLE = Automatic;
				CURRENT_PROJECT_VERSION = 1;
				DEVELOPMENT_TEAM = 9SPVZAWDBR;
				GENERATE_INFOPLIST_FILE = YES;
				IPHONEOS_DEPLOYMENT_TARGET = 18.5;
				MARKETING_VERSION = 1.0;
				PRODUCT_BUNDLE_IDENTIFIER = "gwangyulee.-5-SwiftUITests";
				PRODUCT_NAME = "$(TARGET_NAME)";
				SWIFT_EMIT_LOC_STRINGS = NO;
				SWIFT_VERSION = 5.0;
				TARGETED_DEVICE_FAMILY = "1,2";
				TEST_HOST = "$(BUILT_PRODUCTS_DIR)/05-SwiftUI.app/$(BUNDLE_EXECUTABLE_FOLDER_PATH)/05-SwiftUI";
			};
			name = Release;
		};
		CB2085D12E52FAAE00ED3891 /* Debug */ = {
			isa = XCBuildConfiguration;
			buildSettings = {
				CODE_SIGN_STYLE = Automatic;
				CURRENT_PROJECT_VERSION = 1;
				DEVELOPMENT_TEAM = 9SPVZAWDBR;
				GENERATE_INFOPLIST_FILE = YES;
				MARKETING_VERSION = 1.0;
				PRODUCT_BUNDLE_IDENTIFIER = "gwangyulee.-5-SwiftUIUITests";
				PRODUCT_NAME = "$(TARGET_NAME)";
				SWIFT_EMIT_LOC_STRINGS = NO;
				SWIFT_VERSION = 5.0;
				TARGETED_DEVICE_FAMILY = "1,2";
				TEST_TARGET_NAME = "05-SwiftUI";
			};
			name = Debug;
		};
		CB2085D22E52FAAE00ED3891 /* Release */ = {
			isa = XCBuildConfiguration;
			buildSettings = {
				CODE_SIGN_STYLE = Automatic;
				CURRENT_PROJECT_VERSION = 1;
				DEVELOPMENT_TEAM = 9SPVZAWDBR;
				GENERATE_INFOPLIST_FILE = YES;
				MARKETING_VERSION = 1.0;
				PRODUCT_BUNDLE_IDENTIFIER = "gwangyulee.-5-SwiftUIUITests";
				PRODUCT_NAME = "$(TARGET_NAME)";
				SWIFT_EMIT_LOC_STRINGS = NO;
				SWIFT_VERSION = 5.0;
				TARGETED_DEVICE_FAMILY = "1,2";
				TEST_TARGET_NAME = "05-SwiftUI";
			};
			name = Release;
		};
/* End XCBuildConfiguration section */

/* Begin XCConfigurationList section */
		CB2085A42E52FAAD00ED3891 /* Build configuration list for PBXProject "05-SwiftUI" */ = {
			isa = XCConfigurationList;
			buildConfigurations = (
				CB2085C82E52FAAE00ED3891 /* Debug */,
				CB2085C92E52FAAE00ED3891 /* Release */,
			);
			defaultConfigurationIsVisible = 0;
			defaultConfigurationName = Release;
		};
		CB2085CA2E52FAAE00ED3891 /* Build configuration list for PBXNativeTarget "05-SwiftUI" */ = {
			isa = XCConfigurationList;
			buildConfigurations = (
				CB2085CB2E52FAAE00ED3891 /* Debug */,
				CB2085CC2E52FAAE00ED3891 /* Release */,
			);
			defaultConfigurationIsVisible = 0;
			defaultConfigurationName = Release;
		};
		CB2085CD2E52FAAE00ED3891 /* Build configuration list for PBXNativeTarget "05-SwiftUITests" */ = {
			isa = XCConfigurationList;
			buildConfigurations = (
				CB2085CE2E52FAAE00ED3891 /* Debug */,
				CB2085CF2E52FAAE00ED3891 /* Release */,
			);
			defaultConfigurationIsVisible = 0;
			defaultConfigurationName = Release;
		};
		CB2085D02E52FAAE00ED3891 /* Build configuration list for PBXNativeTarget "05-SwiftUIUITests" */ = {
			isa = XCConfigurationList;
			buildConfigurations = (
				CB2085D12E52FAAE00ED3891 /* Debug */,
				CB2085D22E52FAAE00ED3891 /* Release */,
			);
			defaultConfigurationIsVisible = 0;
			defaultConfigurationName = Release;
		};
/* End XCConfigurationList section */
	};
	rootObject = CB2085A12E52FAAD00ED3891 /* Project object */;
}
